
Microsoft Visual Studio Solution File, Format Version 12.00
# Visual Studio 15
VisualStudioVersion = 15.0.27703.2000
MinimumVisualStudioVersion = 10.0.40219.1
Project("{FAE04EC0-301F-11D3-BF4B-00C04F79EFBC}") = "EjerciciosAsignados", "EjerciciosAsignados\EjerciciosAsignados.csproj", "{5BAFAAA6-3976-401F-9CAC-A78583F236C9}"
EndProject
Global
	GlobalSection(SolutionConfigurationPlatforms) = preSolution
		Debug|Any CPU = Debug|Any CPU
		Release|Any CPU = Release|Any CPU
	EndGlobalSection
	GlobalSection(ProjectConfigurationPlatforms) = postSolution
		{5BAFAAA6-3976-401F-9CAC-A78583F236C9}.Debug|Any CPU.ActiveCfg = Debug|Any CPU
		{5BAFAAA6-3976-401F-9CAC-A78583F236C9}.Debug|Any CPU.Build.0 = Debug|Any CPU
		{5BAFAAA6-3976-401F-9CAC-A78583F236C9}.Release|Any CPU.ActiveCfg = Release|Any CPU
		{5BAFAAA6-3976-401F-9CAC-A78583F236C9}.Release|Any CPU.Build.0 = Release|Any CPU
	EndGlobalSection
	GlobalSection(SolutionProperties) = preSolution
		HideSolutionNode = FALSE
	EndGlobalSection
	GlobalSection(ExtensibilityGlobals) = postSolution
		SolutionGuid = {4417C393-CDBE-4ABB-9B9B-1CFD54297D4F}
	EndGlobalSection
EndGlobal
